// !$*UTF8*$!
{
	archiveVersion = 1;
	classes = {
	};
	objectVersion = 55;
	objects = {

/* Begin PBXBuildFile section */
		727D79852858D2DA00FBBCA4 /* MathLearnigAnswersView.swift in Sources */ = {isa = PBXBuildFile; fileRef = 727D797C2858D2DA00FBBCA4 /* MathLearnigAnswersView.swift */; };
		727D79862858D2DA00FBBCA4 /* AnwerButtonsView.swift in Sources */ = {isa = PBXBuildFile; fileRef = 727D797D2858D2DA00FBBCA4 /* AnwerButtonsView.swift */; };
		727D79872858D2DA00FBBCA4 /* MathGenerator.swift in Sources */ = {isa = PBXBuildFile; fileRef = 727D797E2858D2DA00FBBCA4 /* MathGenerator.swift */; };
		727D798C2858D2DA00FBBCA4 /* MathLearningView.swift in Sources */ = {isa = PBXBuildFile; fileRef = 727D79842858D2DA00FBBCA4 /* MathLearningView.swift */; };
		727D79922858D43F00FBBCA4 /* GradientView.swift in Sources */ = {isa = PBXBuildFile; fileRef = 727D79912858D43F00FBBCA4 /* GradientView.swift */; };
		727D79952858D46000FBBCA4 /* Color+Extension.swift in Sources */ = {isa = PBXBuildFile; fileRef = 727D79942858D46000FBBCA4 /* Color+Extension.swift */; };
		727D79972858D47A00FBBCA4 /* View+Extension.swift in Sources */ = {isa = PBXBuildFile; fileRef = 727D79962858D47A00FBBCA4 /* View+Extension.swift */; };
		727D799A2858D49900FBBCA4 /* Base.swift in Sources */ = {isa = PBXBuildFile; fileRef = 727D79992858D49900FBBCA4 /* Base.swift */; };
		727D799C2858D4F500FBBCA4 /* CounterView.swift in Sources */ = {isa = PBXBuildFile; fileRef = 727D799B2858D4F500FBBCA4 /* CounterView.swift */; };
		727D799F2858D54800FBBCA4 /* ObservableViewModel.swift in Sources */ = {isa = PBXBuildFile; fileRef = 727D799E2858D54800FBBCA4 /* ObservableViewModel.swift */; };
		727D79A52858D62500FBBCA4 /* VGradientScrollView.swift in Sources */ = {isa = PBXBuildFile; fileRef = 727D79A42858D62500FBBCA4 /* VGradientScrollView.swift */; };
		727D79A82858D63900FBBCA4 /* BaseBottomButton.swift in Sources */ = {isa = PBXBuildFile; fileRef = 727D79A72858D63900FBBCA4 /* BaseBottomButton.swift */; };
		727D79AA2858D65400FBBCA4 /* Array+Extension.swift in Sources */ = {isa = PBXBuildFile; fileRef = 727D79A92858D65400FBBCA4 /* Array+Extension.swift */; };
		727D79AC2858D67400FBBCA4 /* Text+Extension.swift in Sources */ = {isa = PBXBuildFile; fileRef = 727D79AB2858D67400FBBCA4 /* Text+Extension.swift */; };
		72EA787F2858D18F00C230B0 /* LogicGamesApp.swift in Sources */ = {isa = PBXBuildFile; fileRef = 72EA787E2858D18F00C230B0 /* LogicGamesApp.swift */; };
		72EA78812858D18F00C230B0 /* AppView.swift in Sources */ = {isa = PBXBuildFile; fileRef = 72EA78802858D18F00C230B0 /* AppView.swift */; };
		72EA78832858D19000C230B0 /* Assets.xcassets in Resources */ = {isa = PBXBuildFile; fileRef = 72EA78822858D19000C230B0 /* Assets.xcassets */; };
		72EA78862858D19000C230B0 /* Preview Assets.xcassets in Resources */ = {isa = PBXBuildFile; fileRef = 72EA78852858D19000C230B0 /* Preview Assets.xcassets */; };
/* End PBXBuildFile section */

/* Begin PBXFileReference section */
		727D797C2858D2DA00FBBCA4 /* MathLearnigAnswersView.swift */ = {isa = PBXFileReference; fileEncoding = 4; lastKnownFileType = sourcecode.swift; path = MathLearnigAnswersView.swift; sourceTree = "<group>"; };
		727D797D2858D2DA00FBBCA4 /* AnwerButtonsView.swift */ = {isa = PBXFileReference; fileEncoding = 4; lastKnownFileType = sourcecode.swift; path = AnwerButtonsView.swift; sourceTree = "<group>"; };
		727D797E2858D2DA00FBBCA4 /* MathGenerator.swift */ = {isa = PBXFileReference; fileEncoding = 4; lastKnownFileType = sourcecode.swift; path = MathGenerator.swift; sourceTree = "<group>"; };
		727D79842858D2DA00FBBCA4 /* MathLearningView.swift */ = {isa = PBXFileReference; fileEncoding = 4; lastKnownFileType = sourcecode.swift; path = MathLearningView.swift; sourceTree = "<group>"; };
		727D79912858D43F00FBBCA4 /* GradientView.swift */ = {isa = PBXFileReference; fileEncoding = 4; lastKnownFileType = sourcecode.swift; path = GradientView.swift; sourceTree = "<group>"; };
		727D79942858D46000FBBCA4 /* Color+Extension.swift */ = {isa = PBXFileReference; fileEncoding = 4; lastKnownFileType = sourcecode.swift; path = "Color+Extension.swift"; sourceTree = "<group>"; };
		727D79962858D47A00FBBCA4 /* View+Extension.swift */ = {isa = PBXFileReference; fileEncoding = 4; lastKnownFileType = sourcecode.swift; path = "View+Extension.swift"; sourceTree = "<group>"; };
		727D79992858D49900FBBCA4 /* Base.swift */ = {isa = PBXFileReference; fileEncoding = 4; lastKnownFileType = sourcecode.swift; path = Base.swift; sourceTree = "<group>"; };
		727D799B2858D4F500FBBCA4 /* CounterView.swift */ = {isa = PBXFileReference; fileEncoding = 4; lastKnownFileType = sourcecode.swift; path = CounterView.swift; sourceTree = "<group>"; };
		727D799E2858D54800FBBCA4 /* ObservableViewModel.swift */ = {isa = PBXFileReference; fileEncoding = 4; lastKnownFileType = sourcecode.swift; path = ObservableViewModel.swift; sourceTree = "<group>"; };
		727D79A42858D62500FBBCA4 /* VGradientScrollView.swift */ = {isa = PBXFileReference; fileEncoding = 4; lastKnownFileType = sourcecode.swift; path = VGradientScrollView.swift; sourceTree = "<group>"; };
		727D79A72858D63900FBBCA4 /* BaseBottomButton.swift */ = {isa = PBXFileReference; fileEncoding = 4; lastKnownFileType = sourcecode.swift; path = BaseBottomButton.swift; sourceTree = "<group>"; };
		727D79A92858D65400FBBCA4 /* Array+Extension.swift */ = {isa = PBXFileReference; fileEncoding = 4; lastKnownFileType = sourcecode.swift; path = "Array+Extension.swift"; sourceTree = "<group>"; };
		727D79AB2858D67400FBBCA4 /* Text+Extension.swift */ = {isa = PBXFileReference; fileEncoding = 4; lastKnownFileType = sourcecode.swift; path = "Text+Extension.swift"; sourceTree = "<group>"; };
		72EA787B2858D18F00C230B0 /* LogicGames.app */ = {isa = PBXFileReference; explicitFileType = wrapper.application; includeInIndex = 0; path = LogicGames.app; sourceTree = BUILT_PRODUCTS_DIR; };
		72EA787E2858D18F00C230B0 /* LogicGamesApp.swift */ = {isa = PBXFileReference; lastKnownFileType = sourcecode.swift; path = LogicGamesApp.swift; sourceTree = "<group>"; };
		72EA78802858D18F00C230B0 /* AppView.swift */ = {isa = PBXFileReference; lastKnownFileType = sourcecode.swift; path = AppView.swift; sourceTree = "<group>"; };
		72EA78822858D19000C230B0 /* Assets.xcassets */ = {isa = PBXFileReference; lastKnownFileType = folder.assetcatalog; path = Assets.xcassets; sourceTree = "<group>"; };
		72EA78852858D19000C230B0 /* Preview Assets.xcassets */ = {isa = PBXFileReference; lastKnownFileType = folder.assetcatalog; path = "Preview Assets.xcassets"; sourceTree = "<group>"; };
/* End PBXFileReference section */

/* Begin PBXFrameworksBuildPhase section */
		72EA78782858D18F00C230B0 /* Frameworks */ = {
			isa = PBXFrameworksBuildPhase;
			buildActionMask = 2147483647;
			files = (
			);
			runOnlyForDeploymentPostprocessing = 0;
		};
/* End PBXFrameworksBuildPhase section */

/* Begin PBXGroup section */
		727D798D2858D30400FBBCA4 /* MathLearning */ = {
			isa = PBXGroup;
			children = (
				727D797E2858D2DA00FBBCA4 /* MathGenerator.swift */,
				727D797D2858D2DA00FBBCA4 /* AnwerButtonsView.swift */,
				727D797C2858D2DA00FBBCA4 /* MathLearnigAnswersView.swift */,
				727D79842858D2DA00FBBCA4 /* MathLearningView.swift */,
			);
			path = MathLearning;
			sourceTree = "<group>";
		};
		727D79902858D43600FBBCA4 /* CommonViews */ = {
			isa = PBXGroup;
			children = (
				727D799B2858D4F500FBBCA4 /* CounterView.swift */,
				727D79912858D43F00FBBCA4 /* GradientView.swift */,
				727D79A42858D62500FBBCA4 /* VGradientScrollView.swift */,
				727D79A62858D63000FBBCA4 /* Buttons */,
			);
			path = CommonViews;
			sourceTree = "<group>";
		};
		727D79932858D45500FBBCA4 /* Extensions */ = {
			isa = PBXGroup;
			children = (
				727D79942858D46000FBBCA4 /* Color+Extension.swift */,
				727D79962858D47A00FBBCA4 /* View+Extension.swift */,
				727D79A92858D65400FBBCA4 /* Array+Extension.swift */,
				727D79AB2858D67400FBBCA4 /* Text+Extension.swift */,
			);
			path = Extensions;
			sourceTree = "<group>";
		};
		727D79982858D48B00FBBCA4 /* Helpers */ = {
			isa = PBXGroup;
			children = (
				727D79992858D49900FBBCA4 /* Base.swift */,
				727D79932858D45500FBBCA4 /* Extensions */,
			);
			path = Helpers;
			sourceTree = "<group>";
		};
		727D799D2858D54200FBBCA4 /* Network */ = {
			isa = PBXGroup;
			children = (
				727D799E2858D54800FBBCA4 /* ObservableViewModel.swift */,
			);
			path = Network;
			sourceTree = "<group>";
		};
		727D79A62858D63000FBBCA4 /* Buttons */ = {
			isa = PBXGroup;
			children = (
				727D79A72858D63900FBBCA4 /* BaseBottomButton.swift */,
			);
			path = Buttons;
			sourceTree = "<group>";
		};
		72EA78722858D18F00C230B0 = {
			isa = PBXGroup;
			children = (
				72EA787D2858D18F00C230B0 /* LogicGames */,
				72EA787C2858D18F00C230B0 /* Products */,
			);
			sourceTree = "<group>";
		};
		72EA787C2858D18F00C230B0 /* Products */ = {
			isa = PBXGroup;
			children = (
				72EA787B2858D18F00C230B0 /* LogicGames.app */,
			);
			name = Products;
			sourceTree = "<group>";
		};
		72EA787D2858D18F00C230B0 /* LogicGames */ = {
			isa = PBXGroup;
			children = (
				72EA787E2858D18F00C230B0 /* LogicGamesApp.swift */,
				72EA78802858D18F00C230B0 /* AppView.swift */,
				727D799D2858D54200FBBCA4 /* Network */,
				727D79982858D48B00FBBCA4 /* Helpers */,
				727D79902858D43600FBBCA4 /* CommonViews */,
				727D798D2858D30400FBBCA4 /* MathLearning */,
				72EA78822858D19000C230B0 /* Assets.xcassets */,
				72EA78842858D19000C230B0 /* Preview Content */,
			);
			path = LogicGames;
			sourceTree = "<group>";
		};
		72EA78842858D19000C230B0 /* Preview Content */ = {
			isa = PBXGroup;
			children = (
				72EA78852858D19000C230B0 /* Preview Assets.xcassets */,
			);
			path = "Preview Content";
			sourceTree = "<group>";
		};
/* End PBXGroup section */

/* Begin PBXNativeTarget section */
		72EA787A2858D18F00C230B0 /* LogicGames */ = {
			isa = PBXNativeTarget;
			buildConfigurationList = 72EA78892858D19000C230B0 /* Build configuration list for PBXNativeTarget "LogicGames" */;
			buildPhases = (
				72EA78772858D18F00C230B0 /* Sources */,
				72EA78782858D18F00C230B0 /* Frameworks */,
				72EA78792858D18F00C230B0 /* Resources */,
			);
			buildRules = (
			);
			dependencies = (
			);
			name = LogicGames;
			productName = LogicGames;
			productReference = 72EA787B2858D18F00C230B0 /* LogicGames.app */;
			productType = "com.apple.product-type.application";
		};
/* End PBXNativeTarget section */

/* Begin PBXProject section */
		72EA78732858D18F00C230B0 /* Project object */ = {
			isa = PBXProject;
			attributes = {
				BuildIndependentTargetsInParallel = 1;
				LastSwiftUpdateCheck = 1320;
				LastUpgradeCheck = 1320;
				TargetAttributes = {
					72EA787A2858D18F00C230B0 = {
						CreatedOnToolsVersion = 13.2.1;
					};
				};
			};
			buildConfigurationList = 72EA78762858D18F00C230B0 /* Build configuration list for PBXProject "LogicGames" */;
			compatibilityVersion = "Xcode 13.0";
			developmentRegion = en;
			hasScannedForEncodings = 0;
			knownRegions = (
				en,
				Base,
			);
			mainGroup = 72EA78722858D18F00C230B0;
			productRefGroup = 72EA787C2858D18F00C230B0 /* Products */;
			projectDirPath = "";
			projectRoot = "";
			targets = (
				72EA787A2858D18F00C230B0 /* LogicGames */,
			);
		};
/* End PBXProject section */

/* Begin PBXResourcesBuildPhase section */
		72EA78792858D18F00C230B0 /* Resources */ = {
			isa = PBXResourcesBuildPhase;
			buildActionMask = 2147483647;
			files = (
				72EA78862858D19000C230B0 /* Preview Assets.xcassets in Resources */,
				72EA78832858D19000C230B0 /* Assets.xcassets in Resources */,
			);
			runOnlyForDeploymentPostprocessing = 0;
		};
/* End PBXResourcesBuildPhase section */

/* Begin PBXSourcesBuildPhase section */
		72EA78772858D18F00C230B0 /* Sources */ = {
			isa = PBXSourcesBuildPhase;
			buildActionMask = 2147483647;
			files = (
				727D79862858D2DA00FBBCA4 /* AnwerButtonsView.swift in Sources */,
				727D79A82858D63900FBBCA4 /* BaseBottomButton.swift in Sources */,
				727D79852858D2DA00FBBCA4 /* MathLearnigAnswersView.swift in Sources */,
				727D799A2858D49900FBBCA4 /* Base.swift in Sources */,
				72EA78812858D18F00C230B0 /* AppView.swift in Sources */,
				727D798C2858D2DA00FBBCA4 /* MathLearningView.swift in Sources */,
				727D79AA2858D65400FBBCA4 /* Array+Extension.swift in Sources */,
				727D79A52858D62500FBBCA4 /* VGradientScrollView.swift in Sources */,
				727D799F2858D54800FBBCA4 /* ObservableViewModel.swift in Sources */,
				727D79922858D43F00FBBCA4 /* GradientView.swift in Sources */,
				727D799C2858D4F500FBBCA4 /* CounterView.swift in Sources */,
				727D79872858D2DA00FBBCA4 /* MathGenerator.swift in Sources */,
				727D79AC2858D67400FBBCA4 /* Text+Extension.swift in Sources */,
				72EA787F2858D18F00C230B0 /* LogicGamesApp.swift in Sources */,
				727D79972858D47A00FBBCA4 /* View+Extension.swift in Sources */,
				727D79952858D46000FBBCA4 /* Color+Extension.swift in Sources */,
			);
			runOnlyForDeploymentPostprocessing = 0;
		};
/* End PBXSourcesBuildPhase section */

/* Begin XCBuildConfiguration section */
		72EA78872858D19000C230B0 /* Debug */ = {
			isa = XCBuildConfiguration;
			buildSettings = {
				ALWAYS_SEARCH_USER_PATHS = NO;
				CLANG_ANALYZER_NONNULL = YES;
				CLANG_ANALYZER_NUMBER_OBJECT_CONVERSION = YES_AGGRESSIVE;
				CLANG_CXX_LANGUAGE_STANDARD = "gnu++17";
				CLANG_CXX_LIBRARY = "libc++";
				CLANG_ENABLE_MODULES = YES;
				CLANG_ENABLE_OBJC_ARC = YES;
				CLANG_ENABLE_OBJC_WEAK = YES;
				CLANG_WARN_BLOCK_CAPTURE_AUTORELEASING = YES;
				CLANG_WARN_BOOL_CONVERSION = YES;
				CLANG_WARN_COMMA = YES;
				CLANG_WARN_CONSTANT_CONVERSION = YES;
				CLANG_WARN_DEPRECATED_OBJC_IMPLEMENTATIONS = YES;
				CLANG_WARN_DIRECT_OBJC_ISA_USAGE = YES_ERROR;
				CLANG_WARN_DOCUMENTATION_COMMENTS = YES;
				CLANG_WARN_EMPTY_BODY = YES;
				CLANG_WARN_ENUM_CONVERSION = YES;
				CLANG_WARN_INFINITE_RECURSION = YES;
				CLANG_WARN_INT_CONVERSION = YES;
				CLANG_WARN_NON_LITERAL_NULL_CONVERSION = YES;
				CLANG_WARN_OBJC_IMPLICIT_RETAIN_SELF = YES;
				CLANG_WARN_OBJC_LITERAL_CONVERSION = YES;
				CLANG_WARN_OBJC_ROOT_CLASS = YES_ERROR;
				CLANG_WARN_QUOTED_INCLUDE_IN_FRAMEWORK_HEADER = YES;
				CLANG_WARN_RANGE_LOOP_ANALYSIS = YES;
				CLANG_WARN_STRICT_PROTOTYPES = YES;
				CLANG_WARN_SUSPICIOUS_MOVE = YES;
				CLANG_WARN_UNGUARDED_AVAILABILITY = YES_AGGRESSIVE;
				CLANG_WARN_UNREACHABLE_CODE = YES;
				CLANG_WARN__DUPLICATE_METHOD_MATCH = YES;
				COPY_PHASE_STRIP = NO;
				DEBUG_INFORMATION_FORMAT = dwarf;
				ENABLE_STRICT_OBJC_MSGSEND = YES;
				ENABLE_TESTABILITY = YES;
				GCC_C_LANGUAGE_STANDARD = gnu11;
				GCC_DYNAMIC_NO_PIC = NO;
				GCC_NO_COMMON_BLOCKS = YES;
				GCC_OPTIMIZATION_LEVEL = 0;
				GCC_PREPROCESSOR_DEFINITIONS = (
					"DEBUG=1",
					"$(inherited)",
				);
				GCC_WARN_64_TO_32_BIT_CONVERSION = YES;
				GCC_WARN_ABOUT_RETURN_TYPE = YES_ERROR;
				GCC_WARN_UNDECLARED_SELECTOR = YES;
				GCC_WARN_UNINITIALIZED_AUTOS = YES_AGGRESSIVE;
				GCC_WARN_UNUSED_FUNCTION = YES;
				GCC_WARN_UNUSED_VARIABLE = YES;
				IPHONEOS_DEPLOYMENT_TARGET = 15.2;
				MTL_ENABLE_DEBUG_INFO = INCLUDE_SOURCE;
				MTL_FAST_MATH = YES;
				ONLY_ACTIVE_ARCH = YES;
				SDKROOT = iphoneos;
				SWIFT_ACTIVE_COMPILATION_CONDITIONS = DEBUG;
				SWIFT_OPTIMIZATION_LEVEL = "-Onone";
			};
			name = Debug;
		};
		72EA78882858D19000C230B0 /* Release */ = {
			isa = XCBuildConfiguration;
			buildSettings = {
				ALWAYS_SEARCH_USER_PATHS = NO;
				CLANG_ANALYZER_NONNULL = YES;
				CLANG_ANALYZER_NUMBER_OBJECT_CONVERSION = YES_AGGRESSIVE;
				CLANG_CXX_LANGUAGE_STANDARD = "gnu++17";
				CLANG_CXX_LIBRARY = "libc++";
				CLANG_ENABLE_MODULES = YES;
				CLANG_ENABLE_OBJC_ARC = YES;
				CLANG_ENABLE_OBJC_WEAK = YES;
				CLANG_WARN_BLOCK_CAPTURE_AUTORELEASING = YES;
				CLANG_WARN_BOOL_CONVERSION = YES;
				CLANG_WARN_COMMA = YES;
				CLANG_WARN_CONSTANT_CONVERSION = YES;
				CLANG_WARN_DEPRECATED_OBJC_IMPLEMENTATIONS = YES;
				CLANG_WARN_DIRECT_OBJC_ISA_USAGE = YES_ERROR;
				CLANG_WARN_DOCUMENTATION_COMMENTS = YES;
				CLANG_WARN_EMPTY_BODY = YES;
				CLANG_WARN_ENUM_CONVERSION = YES;
				CLANG_WARN_INFINITE_RECURSION = YES;
				CLANG_WARN_INT_CONVERSION = YES;
				CLANG_WARN_NON_LITERAL_NULL_CONVERSION = YES;
				CLANG_WARN_OBJC_IMPLICIT_RETAIN_SELF = YES;
				CLANG_WARN_OBJC_LITERAL_CONVERSION = YES;
				CLANG_WARN_OBJC_ROOT_CLASS = YES_ERROR;
				CLANG_WARN_QUOTED_INCLUDE_IN_FRAMEWORK_HEADER = YES;
				CLANG_WARN_RANGE_LOOP_ANALYSIS = YES;
				CLANG_WARN_STRICT_PROTOTYPES = YES;
				CLANG_WARN_SUSPICIOUS_MOVE = YES;
				CLANG_WARN_UNGUARDED_AVAILABILITY = YES_AGGRESSIVE;
				CLANG_WARN_UNREACHABLE_CODE = YES;
				CLANG_WARN__DUPLICATE_METHOD_MATCH = YES;
				COPY_PHASE_STRIP = NO;
				DEBUG_INFORMATION_FORMAT = "dwarf-with-dsym";
				ENABLE_NS_ASSERTIONS = NO;
				ENABLE_STRICT_OBJC_MSGSEND = YES;
				GCC_C_LANGUAGE_STANDARD = gnu11;
				GCC_NO_COMMON_BLOCKS = YES;
				GCC_WARN_64_TO_32_BIT_CONVERSION = YES;
				GCC_WARN_ABOUT_RETURN_TYPE = YES_ERROR;
				GCC_WARN_UNDECLARED_SELECTOR = YES;
				GCC_WARN_UNINITIALIZED_AUTOS = YES_AGGRESSIVE;
				GCC_WARN_UNUSED_FUNCTION = YES;
				GCC_WARN_UNUSED_VARIABLE = YES;
				IPHONEOS_DEPLOYMENT_TARGET = 15.2;
				MTL_ENABLE_DEBUG_INFO = NO;
				MTL_FAST_MATH = YES;
				SDKROOT = iphoneos;
				SWIFT_COMPILATION_MODE = wholemodule;
				SWIFT_OPTIMIZATION_LEVEL = "-O";
				VALIDATE_PRODUCT = YES;
			};
			name = Release;
		};
		72EA788A2858D19000C230B0 /* Debug */ = {
			isa = XCBuildConfiguration;
			buildSettings = {
				ASSETCATALOG_COMPILER_APPICON_NAME = AppIcon;
				ASSETCATALOG_COMPILER_GLOBAL_ACCENT_COLOR_NAME = AccentColor;
				CODE_SIGN_STYLE = Automatic;
				CURRENT_PROJECT_VERSION = 1;
				DEVELOPMENT_ASSET_PATHS = "\"LogicGames/Preview Content\"";
				DEVELOPMENT_TEAM = FABNM4L4H4;
				ENABLE_PREVIEWS = YES;
				GENERATE_INFOPLIST_FILE = YES;
				INFOPLIST_KEY_UIApplicationSceneManifest_Generation = YES;
				INFOPLIST_KEY_UIApplicationSupportsIndirectInputEvents = YES;
				INFOPLIST_KEY_UILaunchScreen_Generation = YES;
				INFOPLIST_KEY_UISupportedInterfaceOrientations_iPad = "UIInterfaceOrientationPortrait UIInterfaceOrientationPortraitUpsideDown UIInterfaceOrientationLandscapeLeft UIInterfaceOrientationLandscapeRight";
				INFOPLIST_KEY_UISupportedInterfaceOrientations_iPhone = "UIInterfaceOrientationPortrait UIInterfaceOrientationLandscapeLeft UIInterfaceOrientationLandscapeRight";
				LD_RUNPATH_SEARCH_PATHS = (
					"$(inherited)",
					"@executable_path/Frameworks",
				);
				MARKETING_VERSION = 1.0;
				PRODUCT_BUNDLE_IDENTIFIER = com.MS.LogicGames;
				PRODUCT_NAME = "$(TARGET_NAME)";
				SWIFT_EMIT_LOC_STRINGS = YES;
				SWIFT_VERSION = 5.0;
				TARGETED_DEVICE_FAMILY = "1,2";
			};
			name = Debug;
		};
		72EA788B2858D19000C230B0 /* Release */ = {
			isa = XCBuildConfiguration;
			buildSettings = {
				ASSETCATALOG_COMPILER_APPICON_NAME = AppIcon;
				ASSETCATALOG_COMPILER_GLOBAL_ACCENT_COLOR_NAME = AccentColor;
				CODE_SIGN_STYLE = Automatic;
				CURRENT_PROJECT_VERSION = 1;
				DEVELOPMENT_ASSET_PATHS = "\"LogicGames/Preview Content\"";
				DEVELOPMENT_TEAM = FABNM4L4H4;
				ENABLE_PREVIEWS = YES;
				GENERATE_INFOPLIST_FILE = YES;
				INFOPLIST_KEY_UIApplicationSceneManifest_Generation = YES;
				INFOPLIST_KEY_UIApplicationSupportsIndirectInputEvents = YES;
				INFOPLIST_KEY_UILaunchScreen_Generation = YES;
				INFOPLIST_KEY_UISupportedInterfaceOrientations_iPad = "UIInterfaceOrientationPortrait UIInterfaceOrientationPortraitUpsideDown UIInterfaceOrientationLandscapeLeft UIInterfaceOrientationLandscapeRight";
				INFOPLIST_KEY_UISupportedInterfaceOrientations_iPhone = "UIInterfaceOrientationPortrait UIInterfaceOrientationLandscapeLeft UIInterfaceOrientationLandscapeRight";
				LD_RUNPATH_SEARCH_PATHS = (
					"$(inherited)",
					"@executable_path/Frameworks",
				);
				MARKETING_VERSION = 1.0;
				PRODUCT_BUNDLE_IDENTIFIER = com.MS.LogicGames;
				PRODUCT_NAME = "$(TARGET_NAME)";
				SWIFT_EMIT_LOC_STRINGS = YES;
				SWIFT_VERSION = 5.0;
				TARGETED_DEVICE_FAMILY = "1,2";
			};
			name = Release;
		};
/* End XCBuildConfiguration section */

/* Begin XCConfigurationList section */
		72EA78762858D18F00C230B0 /* Build configuration list for PBXProject "LogicGames" */ = {
			isa = XCConfigurationList;
			buildConfigurations = (
				72EA78872858D19000C230B0 /* Debug */,
				72EA78882858D19000C230B0 /* Release */,
			);
			defaultConfigurationIsVisible = 0;
			defaultConfigurationName = Release;
		};
		72EA78892858D19000C230B0 /* Build configuration list for PBXNativeTarget "LogicGames" */ = {
			isa = XCConfigurationList;
			buildConfigurations = (
				72EA788A2858D19000C230B0 /* Debug */,
				72EA788B2858D19000C230B0 /* Release */,
			);
			defaultConfigurationIsVisible = 0;
			defaultConfigurationName = Release;
		};
/* End XCConfigurationList section */
	};
	rootObject = 72EA78732858D18F00C230B0 /* Project object */;
}
